
Microsoft Visual Studio Solution File, Format Version 12.00
# Visual Studio Version 17
VisualStudioVersion = 17.12.35514.174 d17.12
MinimumVisualStudioVersion = 10.0.40219.1
Project("{FAE04EC0-301F-11D3-BF4B-00C04F79EFBC}") = "BTVN_LTW_B3", "BTVN_LTW_B3\BTVN_LTW_B3.csproj", "{062838A9-0891-4C2D-8051-7BF346CF025A}"
EndProject
Global
	GlobalSection(SolutionConfigurationPlatforms) = preSolution
		Debug|Any CPU = Debug|Any CPU
		Release|Any CPU = Release|Any CPU
	EndGlobalSection
	GlobalSection(ProjectConfigurationPlatforms) = postSolution
		{062838A9-0891-4C2D-8051-7BF346CF025A}.Debug|Any CPU.ActiveCfg = Debug|Any CPU
		{062838A9-0891-4C2D-8051-7BF346CF025A}.Debug|Any CPU.Build.0 = Debug|Any CPU
		{062838A9-0891-4C2D-8051-7BF346CF025A}.Release|Any CPU.ActiveCfg = Release|Any CPU
		{062838A9-0891-4C2D-8051-7BF346CF025A}.Release|Any CPU.Build.0 = Release|Any CPU
	EndGlobalSection
	GlobalSection(SolutionProperties) = preSolution
		HideSolutionNode = FALSE
	EndGlobalSection
EndGlobal
